
Microsoft Visual Studio Solution File, Format Version 12.00
# Visual Studio Version 17
VisualStudioVersion = 17.12.35521.163 d17.12
MinimumVisualStudioVersion = 10.0.40219.1
Project("{FAE04EC0-301F-11D3-BF4B-00C04F79EFBC}") = "Paint", "Paint.csproj", "{CBDD16E8-E8B0-40A8-92AF-7FF67C806114}"
EndProject
Global
	GlobalSection(SolutionConfigurationPlatforms) = preSolution
		Debug|Any CPU = Debug|Any CPU
		Release|Any CPU = Release|Any CPU
	EndGlobalSection
	GlobalSection(ProjectConfigurationPlatforms) = postSolution
		{CBDD16E8-E8B0-40A8-92AF-7FF67C806114}.Debug|Any CPU.ActiveCfg = Debug|Any CPU
		{CBDD16E8-E8B0-40A8-92AF-7FF67C806114}.Debug|Any CPU.Build.0 = Debug|Any CPU
		{CBDD16E8-E8B0-40A8-92AF-7FF67C806114}.Release|Any CPU.ActiveCfg = Release|Any CPU
		{CBDD16E8-E8B0-40A8-92AF-7FF67C806114}.Release|Any CPU.Build.0 = Release|Any CPU
	EndGlobalSection
	GlobalSection(SolutionProperties) = preSolution
		HideSolutionNode = FALSE
	EndGlobalSection
EndGlobal
